
Microsoft Visual Studio Solution File, Format Version 12.00
# Visual Studio Version 17
VisualStudioVersion = 17.0.31903.59
MinimumVisualStudioVersion = 10.0.40219.1
Project("{FAE04EC0-301F-11D3-BF4B-00C04F79EFBC}") = "WPF.Lib.Api", "WPF.Lib.Api\WPF.Lib.Api.csproj", "{61A5FF5A-6910-494F-A969-F1115AA51488}"
EndProject
Project("{FAE04EC0-301F-11D3-BF4B-00C04F79EFBC}") = "WPF.Lib.Controls", "WPF.Lib.Controls\WPF.Lib.Controls.csproj", "{F4212111-AF22-466F-81CA-58D00F346078}"
EndProject
Project("{FAE04EC0-301F-11D3-BF4B-00C04F79EFBC}") = "WPF.Lib.MVVM", "WPF.Lib.MVVM\WPF.Lib.MVVM.csproj", "{A0B20E7F-6E6C-498D-BDB2-043D21BBDA48}"
EndProject
Project("{FAE04EC0-301F-11D3-BF4B-00C04F79EFBC}") = "WPF.Lib.Core", "WPF.Lib.Core\WPF.Lib.Core.csproj", "{F599FE68-418F-4CFE-BA57-2D01C2D13A6C}"
EndProject
Project("{FAE04EC0-301F-11D3-BF4B-00C04F79EFBC}") = "WPF.Lib.Logging.Log4Net", "WPF.Lib.Logging.Log4Net\WPF.Lib.Logging.Log4Net.csproj", "{759CD85E-2D8A-4A45-9D96-FDE0272A95C6}"
EndProject
Project("{FAE04EC0-301F-11D3-BF4B-00C04F79EFBC}") = "WPF.Lib.Services", "WPF.Lib.Services\WPF.Lib.Services.csproj", "{3B026FF9-E42A-4B5B-82AD-4D874EE7B6A7}"
EndProject
Project("{FAE04EC0-301F-11D3-BF4B-00C04F79EFBC}") = "WPF.Lib.Theme", "WPF.Lib.Theme\WPF.Lib.Theme.csproj", "{4FFF7A27-5E70-401A-9687-73CEFC489AE6}"
EndProject
Global
	GlobalSection(SolutionConfigurationPlatforms) = preSolution
		Debug|Any CPU = Debug|Any CPU
		Debug|x64 = Debug|x64
		Debug|x86 = Debug|x86
		Release|Any CPU = Release|Any CPU
		Release|x64 = Release|x64
		Release|x86 = Release|x86
	EndGlobalSection
	GlobalSection(ProjectConfigurationPlatforms) = postSolution
		{61A5FF5A-6910-494F-A969-F1115AA51488}.Debug|Any CPU.ActiveCfg = Debug|Any CPU
		{61A5FF5A-6910-494F-A969-F1115AA51488}.Debug|Any CPU.Build.0 = Debug|Any CPU
		{61A5FF5A-6910-494F-A969-F1115AA51488}.Debug|x64.ActiveCfg = Debug|Any CPU
		{61A5FF5A-6910-494F-A969-F1115AA51488}.Debug|x64.Build.0 = Debug|Any CPU
		{61A5FF5A-6910-494F-A969-F1115AA51488}.Debug|x86.ActiveCfg = Debug|Any CPU
		{61A5FF5A-6910-494F-A969-F1115AA51488}.Debug|x86.Build.0 = Debug|Any CPU
		{61A5FF5A-6910-494F-A969-F1115AA51488}.Release|Any CPU.ActiveCfg = Release|Any CPU
		{61A5FF5A-6910-494F-A969-F1115AA51488}.Release|Any CPU.Build.0 = Release|Any CPU
		{61A5FF5A-6910-494F-A969-F1115AA51488}.Release|x64.ActiveCfg = Release|Any CPU
		{61A5FF5A-6910-494F-A969-F1115AA51488}.Release|x64.Build.0 = Release|Any CPU
		{61A5FF5A-6910-494F-A969-F1115AA51488}.Release|x86.ActiveCfg = Release|Any CPU
		{61A5FF5A-6910-494F-A969-F1115AA51488}.Release|x86.Build.0 = Release|Any CPU
		{F4212111-AF22-466F-81CA-58D00F346078}.Debug|Any CPU.ActiveCfg = Debug|Any CPU
		{F4212111-AF22-466F-81CA-58D00F346078}.Debug|Any CPU.Build.0 = Debug|Any CPU
		{F4212111-AF22-466F-81CA-58D00F346078}.Debug|x64.ActiveCfg = Debug|Any CPU
		{F4212111-AF22-466F-81CA-58D00F346078}.Debug|x64.Build.0 = Debug|Any CPU
		{F4212111-AF22-466F-81CA-58D00F346078}.Debug|x86.ActiveCfg = Debug|Any CPU
		{F4212111-AF22-466F-81CA-58D00F346078}.Debug|x86.Build.0 = Debug|Any CPU
		{F4212111-AF22-466F-81CA-58D00F346078}.Release|Any CPU.ActiveCfg = Release|Any CPU
		{F4212111-AF22-466F-81CA-58D00F346078}.Release|Any CPU.Build.0 = Release|Any CPU
		{F4212111-AF22-466F-81CA-58D00F346078}.Release|x64.ActiveCfg = Release|Any CPU
		{F4212111-AF22-466F-81CA-58D00F346078}.Release|x64.Build.0 = Release|Any CPU
		{F4212111-AF22-466F-81CA-58D00F346078}.Release|x86.ActiveCfg = Release|Any CPU
		{F4212111-AF22-466F-81CA-58D00F346078}.Release|x86.Build.0 = Release|Any CPU
		{A0B20E7F-6E6C-498D-BDB2-043D21BBDA48}.Debug|Any CPU.ActiveCfg = Debug|Any CPU
		{A0B20E7F-6E6C-498D-BDB2-043D21BBDA48}.Debug|Any CPU.Build.0 = Debug|Any CPU
		{A0B20E7F-6E6C-498D-BDB2-043D21BBDA48}.Debug|x64.ActiveCfg = Debug|Any CPU
		{A0B20E7F-6E6C-498D-BDB2-043D21BBDA48}.Debug|x64.Build.0 = Debug|Any CPU
		{A0B20E7F-6E6C-498D-BDB2-043D21BBDA48}.Debug|x86.ActiveCfg = Debug|Any CPU
		{A0B20E7F-6E6C-498D-BDB2-043D21BBDA48}.Debug|x86.Build.0 = Debug|Any CPU
		{A0B20E7F-6E6C-498D-BDB2-043D21BBDA48}.Release|Any CPU.ActiveCfg = Release|Any CPU
		{A0B20E7F-6E6C-498D-BDB2-043D21BBDA48}.Release|Any CPU.Build.0 = Release|Any CPU
		{A0B20E7F-6E6C-498D-BDB2-043D21BBDA48}.Release|x64.ActiveCfg = Release|Any CPU
		{A0B20E7F-6E6C-498D-BDB2-043D21BBDA48}.Release|x64.Build.0 = Release|Any CPU
		{A0B20E7F-6E6C-498D-BDB2-043D21BBDA48}.Release|x86.ActiveCfg = Release|Any CPU
		{A0B20E7F-6E6C-498D-BDB2-043D21BBDA48}.Release|x86.Build.0 = Release|Any CPU
		{F599FE68-418F-4CFE-BA57-2D01C2D13A6C}.Debug|Any CPU.ActiveCfg = Debug|Any CPU
		{F599FE68-418F-4CFE-BA57-2D01C2D13A6C}.Debug|Any CPU.Build.0 = Debug|Any CPU
		{F599FE68-418F-4CFE-BA57-2D01C2D13A6C}.Debug|x64.ActiveCfg = Debug|Any CPU
		{F599FE68-418F-4CFE-BA57-2D01C2D13A6C}.Debug|x64.Build.0 = Debug|Any CPU
		{F599FE68-418F-4CFE-BA57-2D01C2D13A6C}.Debug|x86.ActiveCfg = Debug|Any CPU
		{F599FE68-418F-4CFE-BA57-2D01C2D13A6C}.Debug|x86.Build.0 = Debug|Any CPU
		{F599FE68-418F-4CFE-BA57-2D01C2D13A6C}.Release|Any CPU.ActiveCfg = Release|Any CPU
		{F599FE68-418F-4CFE-BA57-2D01C2D13A6C}.Release|Any CPU.Build.0 = Release|Any CPU
		{F599FE68-418F-4CFE-BA57-2D01C2D13A6C}.Release|x64.ActiveCfg = Release|Any CPU
		{F599FE68-418F-4CFE-BA57-2D01C2D13A6C}.Release|x64.Build.0 = Release|Any CPU
		{F599FE68-418F-4CFE-BA57-2D01C2D13A6C}.Release|x86.ActiveCfg = Release|Any CPU
		{F599FE68-418F-4CFE-BA57-2D01C2D13A6C}.Release|x86.Build.0 = Release|Any CPU
		{759CD85E-2D8A-4A45-9D96-FDE0272A95C6}.Debug|Any CPU.ActiveCfg = Debug|Any CPU
		{759CD85E-2D8A-4A45-9D96-FDE0272A95C6}.Debug|Any CPU.Build.0 = Debug|Any CPU
		{759CD85E-2D8A-4A45-9D96-FDE0272A95C6}.Debug|x64.ActiveCfg = Debug|Any CPU
		{759CD85E-2D8A-4A45-9D96-FDE0272A95C6}.Debug|x64.Build.0 = Debug|Any CPU
		{759CD85E-2D8A-4A45-9D96-FDE0272A95C6}.Debug|x86.ActiveCfg = Debug|Any CPU
		{759CD85E-2D8A-4A45-9D96-FDE0272A95C6}.Debug|x86.Build.0 = Debug|Any CPU
		{759CD85E-2D8A-4A45-9D96-FDE0272A95C6}.Release|Any CPU.ActiveCfg = Release|Any CPU
		{759CD85E-2D8A-4A45-9D96-FDE0272A95C6}.Release|Any CPU.Build.0 = Release|Any CPU
		{759CD85E-2D8A-4A45-9D96-FDE0272A95C6}.Release|x64.ActiveCfg = Release|Any CPU
		{759CD85E-2D8A-4A45-9D96-FDE0272A95C6}.Release|x64.Build.0 = Release|Any CPU
		{759CD85E-2D8A-4A45-9D96-FDE0272A95C6}.Release|x86.ActiveCfg = Release|Any CPU
		{759CD85E-2D8A-4A45-9D96-FDE0272A95C6}.Release|x86.Build.0 = Release|Any CPU
		{3B026FF9-E42A-4B5B-82AD-4D874EE7B6A7}.Debug|Any CPU.ActiveCfg = Debug|Any CPU
		{3B026FF9-E42A-4B5B-82AD-4D874EE7B6A7}.Debug|Any CPU.Build.0 = Debug|Any CPU
		{3B026FF9-E42A-4B5B-82AD-4D874EE7B6A7}.Debug|x64.ActiveCfg = Debug|Any CPU
		{3B026FF9-E42A-4B5B-82AD-4D874EE7B6A7}.Debug|x64.Build.0 = Debug|Any CPU
		{3B026FF9-E42A-4B5B-82AD-4D874EE7B6A7}.Debug|x86.ActiveCfg = Debug|Any CPU
		{3B026FF9-E42A-4B5B-82AD-4D874EE7B6A7}.Debug|x86.Build.0 = Debug|Any CPU
		{3B026FF9-E42A-4B5B-82AD-4D874EE7B6A7}.Release|Any CPU.ActiveCfg = Release|Any CPU
		{3B026FF9-E42A-4B5B-82AD-4D874EE7B6A7}.Release|Any CPU.Build.0 = Release|Any CPU
		{3B026FF9-E42A-4B5B-82AD-4D874EE7B6A7}.Release|x64.ActiveCfg = Release|Any CPU
		{3B026FF9-E42A-4B5B-82AD-4D874EE7B6A7}.Release|x64.Build.0 = Release|Any CPU
		{3B026FF9-E42A-4B5B-82AD-4D874EE7B6A7}.Release|x86.ActiveCfg = Release|Any CPU
		{3B026FF9-E42A-4B5B-82AD-4D874EE7B6A7}.Release|x86.Build.0 = Release|Any CPU
		{4FFF7A27-5E70-401A-9687-73CEFC489AE6}.Debug|Any CPU.ActiveCfg = Debug|Any CPU
		{4FFF7A27-5E70-401A-9687-73CEFC489AE6}.Debug|Any CPU.Build.0 = Debug|Any CPU
		{4FFF7A27-5E70-401A-9687-73CEFC489AE6}.Debug|x64.ActiveCfg = Debug|Any CPU
		{4FFF7A27-5E70-401A-9687-73CEFC489AE6}.Debug|x64.Build.0 = Debug|Any CPU
		{4FFF7A27-5E70-401A-9687-73CEFC489AE6}.Debug|x86.ActiveCfg = Debug|Any CPU
		{4FFF7A27-5E70-401A-9687-73CEFC489AE6}.Debug|x86.Build.0 = Debug|Any CPU
		{4FFF7A27-5E70-401A-9687-73CEFC489AE6}.Release|Any CPU.ActiveCfg = Release|Any CPU
		{4FFF7A27-5E70-401A-9687-73CEFC489AE6}.Release|Any CPU.Build.0 = Release|Any CPU
		{4FFF7A27-5E70-401A-9687-73CEFC489AE6}.Release|x64.ActiveCfg = Release|Any CPU
		{4FFF7A27-5E70-401A-9687-73CEFC489AE6}.Release|x64.Build.0 = Release|Any CPU
		{4FFF7A27-5E70-401A-9687-73CEFC489AE6}.Release|x86.ActiveCfg = Release|Any CPU
		{4FFF7A27-5E70-401A-9687-73CEFC489AE6}.Release|x86.Build.0 = Release|Any CPU
	EndGlobalSection
	GlobalSection(SolutionProperties) = preSolution
		HideSolutionNode = FALSE
	EndGlobalSection
EndGlobal
